// !$*UTF8*$!
{
	archiveVersion = 1;
	classes = {
	};
	objectVersion = 50;
	objects = {

/* Begin PBXBuildFile section */
		833D1421224523AC0057C4E1 /* AlbumObject.swift in Sources */ = {isa = PBXBuildFile; fileRef = 833D1420224523AC0057C4E1 /* AlbumObject.swift */; };
		8347307F22412A4D00D961BB /* UIColor+Extension.swift in Sources */ = {isa = PBXBuildFile; fileRef = 8347307E22412A4C00D961BB /* UIColor+Extension.swift */; };
		835002B122426BD100B4F7F2 /* PhotoCollectionViewController.swift in Sources */ = {isa = PBXBuildFile; fileRef = 835002B022426BD100B4F7F2 /* PhotoCollectionViewController.swift */; };
		835002B322426BDA00B4F7F2 /* PhotoCollectionViewController.storyboard in Resources */ = {isa = PBXBuildFile; fileRef = 835002B222426BDA00B4F7F2 /* PhotoCollectionViewController.storyboard */; };
		835002B522426C2A00B4F7F2 /* PhotoCollectionViewCell.swift in Sources */ = {isa = PBXBuildFile; fileRef = 835002B422426C2A00B4F7F2 /* PhotoCollectionViewCell.swift */; };
		83C995F322393A0C0084EE8F /* AlbumCollectionViewCell.swift in Sources */ = {isa = PBXBuildFile; fileRef = 83C995F222393A0C0084EE8F /* AlbumCollectionViewCell.swift */; };
		83DBA56B2237F033003DCD09 /* AlbumCollectionViewController.storyboard in Resources */ = {isa = PBXBuildFile; fileRef = 83DBA56A2237F033003DCD09 /* AlbumCollectionViewController.storyboard */; };
		83DBA56D2237F041003DCD09 /* AlbumCollectionViewController.swift in Sources */ = {isa = PBXBuildFile; fileRef = 83DBA56C2237F041003DCD09 /* AlbumCollectionViewController.swift */; };
		83EA95E922300DC700EF65DE /* AppDelegate.swift in Sources */ = {isa = PBXBuildFile; fileRef = 83EA95E822300DC700EF65DE /* AppDelegate.swift */; };
		83EA95F022300DC800EF65DE /* Assets.xcassets in Resources */ = {isa = PBXBuildFile; fileRef = 83EA95EF22300DC800EF65DE /* Assets.xcassets */; };
		83EA95F322300DC800EF65DE /* LaunchScreen.storyboard in Resources */ = {isa = PBXBuildFile; fileRef = 83EA95F122300DC800EF65DE /* LaunchScreen.storyboard */; };
/* End PBXBuildFile section */

/* Begin PBXFileReference section */
		833D1420224523AC0057C4E1 /* AlbumObject.swift */ = {isa = PBXFileReference; lastKnownFileType = sourcecode.swift; path = AlbumObject.swift; sourceTree = "<group>"; };
		8347307E22412A4C00D961BB /* UIColor+Extension.swift */ = {isa = PBXFileReference; fileEncoding = 4; lastKnownFileType = sourcecode.swift; path = "UIColor+Extension.swift"; sourceTree = "<group>"; };
		835002B022426BD100B4F7F2 /* PhotoCollectionViewController.swift */ = {isa = PBXFileReference; lastKnownFileType = sourcecode.swift; path = PhotoCollectionViewController.swift; sourceTree = "<group>"; };
		835002B222426BDA00B4F7F2 /* PhotoCollectionViewController.storyboard */ = {isa = PBXFileReference; lastKnownFileType = file.storyboard; path = PhotoCollectionViewController.storyboard; sourceTree = "<group>"; };
		835002B422426C2A00B4F7F2 /* PhotoCollectionViewCell.swift */ = {isa = PBXFileReference; lastKnownFileType = sourcecode.swift; path = PhotoCollectionViewCell.swift; sourceTree = "<group>"; };
		83C995F222393A0C0084EE8F /* AlbumCollectionViewCell.swift */ = {isa = PBXFileReference; lastKnownFileType = sourcecode.swift; path = AlbumCollectionViewCell.swift; sourceTree = "<group>"; };
		83DBA56A2237F033003DCD09 /* AlbumCollectionViewController.storyboard */ = {isa = PBXFileReference; lastKnownFileType = file.storyboard; path = AlbumCollectionViewController.storyboard; sourceTree = "<group>"; };
		83DBA56C2237F041003DCD09 /* AlbumCollectionViewController.swift */ = {isa = PBXFileReference; lastKnownFileType = sourcecode.swift; path = AlbumCollectionViewController.swift; sourceTree = "<group>"; };
		83EA95E522300DC700EF65DE /* PhotoFilter.app */ = {isa = PBXFileReference; explicitFileType = wrapper.application; includeInIndex = 0; path = PhotoFilter.app; sourceTree = BUILT_PRODUCTS_DIR; };
		83EA95E822300DC700EF65DE /* AppDelegate.swift */ = {isa = PBXFileReference; lastKnownFileType = sourcecode.swift; path = AppDelegate.swift; sourceTree = "<group>"; };
		83EA95EF22300DC800EF65DE /* Assets.xcassets */ = {isa = PBXFileReference; lastKnownFileType = folder.assetcatalog; path = Assets.xcassets; sourceTree = "<group>"; };
		83EA95F222300DC800EF65DE /* Base */ = {isa = PBXFileReference; lastKnownFileType = file.storyboard; name = Base; path = Base.lproj/LaunchScreen.storyboard; sourceTree = "<group>"; };
		83EA95F422300DC800EF65DE /* Info.plist */ = {isa = PBXFileReference; lastKnownFileType = text.plist.xml; path = Info.plist; sourceTree = "<group>"; };
/* End PBXFileReference section */

/* Begin PBXFrameworksBuildPhase section */
		83EA95E222300DC700EF65DE /* Frameworks */ = {
			isa = PBXFrameworksBuildPhase;
			buildActionMask = 2147483647;
			files = (
			);
			runOnlyForDeploymentPostprocessing = 0;
		};
/* End PBXFrameworksBuildPhase section */

/* Begin PBXGroup section */
		833D141F2245234D0057C4E1 /* Model */ = {
			isa = PBXGroup;
			children = (
				833D1420224523AC0057C4E1 /* AlbumObject.swift */,
			);
			path = Model;
			sourceTree = "<group>";
		};
		8347307D22412A4200D961BB /* Common */ = {
			isa = PBXGroup;
			children = (
				8347308022412A5200D961BB /* Extension */,
			);
			path = Common;
			sourceTree = "<group>";
		};
		8347308022412A5200D961BB /* Extension */ = {
			isa = PBXGroup;
			children = (
				8347307E22412A4C00D961BB /* UIColor+Extension.swift */,
			);
			path = Extension;
			sourceTree = "<group>";
		};
		835002AF22426BA500B4F7F2 /* CellModel */ = {
			isa = PBXGroup;
			children = (
				83C995F222393A0C0084EE8F /* AlbumCollectionViewCell.swift */,
				835002B422426C2A00B4F7F2 /* PhotoCollectionViewCell.swift */,
			);
			path = CellModel;
			sourceTree = "<group>";
		};
		83DBA5682237F00F003DCD09 /* Controller */ = {
			isa = PBXGroup;
			children = (
				83DBA56C2237F041003DCD09 /* AlbumCollectionViewController.swift */,
				835002B022426BD100B4F7F2 /* PhotoCollectionViewController.swift */,
			);
			path = Controller;
			sourceTree = "<group>";
		};
		83DBA5692237F014003DCD09 /* View */ = {
			isa = PBXGroup;
			children = (
				83DBA56A2237F033003DCD09 /* AlbumCollectionViewController.storyboard */,
				835002B222426BDA00B4F7F2 /* PhotoCollectionViewController.storyboard */,
			);
			path = View;
			sourceTree = "<group>";
		};
		83EA95DC22300DC700EF65DE = {
			isa = PBXGroup;
			children = (
				83EA95E722300DC700EF65DE /* PhotoFilter */,
				83EA95E622300DC700EF65DE /* Products */,
			);
			sourceTree = "<group>";
		};
		83EA95E622300DC700EF65DE /* Products */ = {
			isa = PBXGroup;
			children = (
				83EA95E522300DC700EF65DE /* PhotoFilter.app */,
			);
			name = Products;
			sourceTree = "<group>";
		};
		83EA95E722300DC700EF65DE /* PhotoFilter */ = {
			isa = PBXGroup;
			children = (
				83EA95E822300DC700EF65DE /* AppDelegate.swift */,
				8347307D22412A4200D961BB /* Common */,
				833D141F2245234D0057C4E1 /* Model */,
				83DBA5692237F014003DCD09 /* View */,
				83DBA5682237F00F003DCD09 /* Controller */,
				835002AF22426BA500B4F7F2 /* CellModel */,
				83EA95EF22300DC800EF65DE /* Assets.xcassets */,
				83EA95F122300DC800EF65DE /* LaunchScreen.storyboard */,
				83EA95F422300DC800EF65DE /* Info.plist */,
			);
			path = PhotoFilter;
			sourceTree = "<group>";
		};
/* End PBXGroup section */

/* Begin PBXNativeTarget section */
		83EA95E422300DC700EF65DE /* PhotoFilter */ = {
			isa = PBXNativeTarget;
			buildConfigurationList = 83EA95F722300DC800EF65DE /* Build configuration list for PBXNativeTarget "PhotoFilter" */;
			buildPhases = (
				83EA95E122300DC700EF65DE /* Sources */,
				83EA95E222300DC700EF65DE /* Frameworks */,
				83EA95E322300DC700EF65DE /* Resources */,
			);
			buildRules = (
			);
			dependencies = (
			);
			name = PhotoFilter;
			productName = PhotoFilter;
			productReference = 83EA95E522300DC700EF65DE /* PhotoFilter.app */;
			productType = "com.apple.product-type.application";
		};
/* End PBXNativeTarget section */

/* Begin PBXProject section */
		83EA95DD22300DC700EF65DE /* Project object */ = {
			isa = PBXProject;
			attributes = {
				LastSwiftUpdateCheck = 1010;
				LastUpgradeCheck = 1010;
				ORGANIZATIONNAME = "이기완";
				TargetAttributes = {
					83EA95E422300DC700EF65DE = {
						CreatedOnToolsVersion = 10.1;
					};
				};
			};
			buildConfigurationList = 83EA95E022300DC700EF65DE /* Build configuration list for PBXProject "PhotoFilter" */;
			compatibilityVersion = "Xcode 9.3";
			developmentRegion = en;
			hasScannedForEncodings = 0;
			knownRegions = (
				en,
				Base,
			);
			mainGroup = 83EA95DC22300DC700EF65DE;
			productRefGroup = 83EA95E622300DC700EF65DE /* Products */;
			projectDirPath = "";
			projectRoot = "";
			targets = (
				83EA95E422300DC700EF65DE /* PhotoFilter */,
			);
		};
/* End PBXProject section */

/* Begin PBXResourcesBuildPhase section */
		83EA95E322300DC700EF65DE /* Resources */ = {
			isa = PBXResourcesBuildPhase;
			buildActionMask = 2147483647;
			files = (
				835002B322426BDA00B4F7F2 /* PhotoCollectionViewController.storyboard in Resources */,
				83EA95F322300DC800EF65DE /* LaunchScreen.storyboard in Resources */,
				83DBA56B2237F033003DCD09 /* AlbumCollectionViewController.storyboard in Resources */,
				83EA95F022300DC800EF65DE /* Assets.xcassets in Resources */,
			);
			runOnlyForDeploymentPostprocessing = 0;
		};
/* End PBXResourcesBuildPhase section */

/* Begin PBXSourcesBuildPhase section */
		83EA95E122300DC700EF65DE /* Sources */ = {
			isa = PBXSourcesBuildPhase;
			buildActionMask = 2147483647;
			files = (
				835002B122426BD100B4F7F2 /* PhotoCollectionViewController.swift in Sources */,
				83C995F322393A0C0084EE8F /* AlbumCollectionViewCell.swift in Sources */,
				83DBA56D2237F041003DCD09 /* AlbumCollectionViewController.swift in Sources */,
				83EA95E922300DC700EF65DE /* AppDelegate.swift in Sources */,
				8347307F22412A4D00D961BB /* UIColor+Extension.swift in Sources */,
				833D1421224523AC0057C4E1 /* AlbumObject.swift in Sources */,
				835002B522426C2A00B4F7F2 /* PhotoCollectionViewCell.swift in Sources */,
			);
			runOnlyForDeploymentPostprocessing = 0;
		};
/* End PBXSourcesBuildPhase section */

/* Begin PBXVariantGroup section */
		83EA95F122300DC800EF65DE /* LaunchScreen.storyboard */ = {
			isa = PBXVariantGroup;
			children = (
				83EA95F222300DC800EF65DE /* Base */,
			);
			name = LaunchScreen.storyboard;
			sourceTree = "<group>";
		};
/* End PBXVariantGroup section */

/* Begin XCBuildConfiguration section */
		83EA95F522300DC800EF65DE /* Debug */ = {
			isa = XCBuildConfiguration;
			buildSettings = {
				ALWAYS_SEARCH_USER_PATHS = NO;
				CLANG_ANALYZER_NONNULL = YES;
				CLANG_ANALYZER_NUMBER_OBJECT_CONVERSION = YES_AGGRESSIVE;
				CLANG_CXX_LANGUAGE_STANDARD = "gnu++14";
				CLANG_CXX_LIBRARY = "libc++";
				CLANG_ENABLE_MODULES = YES;
				CLANG_ENABLE_OBJC_ARC = YES;
				CLANG_ENABLE_OBJC_WEAK = YES;
				CLANG_WARN_BLOCK_CAPTURE_AUTORELEASING = YES;
				CLANG_WARN_BOOL_CONVERSION = YES;
				CLANG_WARN_COMMA = YES;
				CLANG_WARN_CONSTANT_CONVERSION = YES;
				CLANG_WARN_DEPRECATED_OBJC_IMPLEMENTATIONS = YES;
				CLANG_WARN_DIRECT_OBJC_ISA_USAGE = YES_ERROR;
				CLANG_WARN_DOCUMENTATION_COMMENTS = YES;
				CLANG_WARN_EMPTY_BODY = YES;
				CLANG_WARN_ENUM_CONVERSION = YES;
				CLANG_WARN_INFINITE_RECURSION = YES;
				CLANG_WARN_INT_CONVERSION = YES;
				CLANG_WARN_NON_LITERAL_NULL_CONVERSION = YES;
				CLANG_WARN_OBJC_IMPLICIT_RETAIN_SELF = YES;
				CLANG_WARN_OBJC_LITERAL_CONVERSION = YES;
				CLANG_WARN_OBJC_ROOT_CLASS = YES_ERROR;
				CLANG_WARN_RANGE_LOOP_ANALYSIS = YES;
				CLANG_WARN_STRICT_PROTOTYPES = YES;
				CLANG_WARN_SUSPICIOUS_MOVE = YES;
				CLANG_WARN_UNGUARDED_AVAILABILITY = YES_AGGRESSIVE;
				CLANG_WARN_UNREACHABLE_CODE = YES;
				CLANG_WARN__DUPLICATE_METHOD_MATCH = YES;
				CODE_SIGN_IDENTITY = "iPhone Developer";
				COPY_PHASE_STRIP = NO;
				DEBUG_INFORMATION_FORMAT = dwarf;
				ENABLE_STRICT_OBJC_MSGSEND = YES;
				ENABLE_TESTABILITY = YES;
				GCC_C_LANGUAGE_STANDARD = gnu11;
				GCC_DYNAMIC_NO_PIC = NO;
				GCC_NO_COMMON_BLOCKS = YES;
				GCC_OPTIMIZATION_LEVEL = 0;
				GCC_PREPROCESSOR_DEFINITIONS = (
					"DEBUG=1",
					"$(inherited)",
				);
				GCC_WARN_64_TO_32_BIT_CONVERSION = YES;
				GCC_WARN_ABOUT_RETURN_TYPE = YES_ERROR;
				GCC_WARN_UNDECLARED_SELECTOR = YES;
				GCC_WARN_UNINITIALIZED_AUTOS = YES_AGGRESSIVE;
				GCC_WARN_UNUSED_FUNCTION = YES;
				GCC_WARN_UNUSED_VARIABLE = YES;
				IPHONEOS_DEPLOYMENT_TARGET = 12.1;
				MTL_ENABLE_DEBUG_INFO = INCLUDE_SOURCE;
				MTL_FAST_MATH = YES;
				ONLY_ACTIVE_ARCH = YES;
				SDKROOT = iphoneos;
				SWIFT_ACTIVE_COMPILATION_CONDITIONS = DEBUG;
				SWIFT_OPTIMIZATION_LEVEL = "-Onone";
			};
			name = Debug;
		};
		83EA95F622300DC800EF65DE /* Release */ = {
			isa = XCBuildConfiguration;
			buildSettings = {
				ALWAYS_SEARCH_USER_PATHS = NO;
				CLANG_ANALYZER_NONNULL = YES;
				CLANG_ANALYZER_NUMBER_OBJECT_CONVERSION = YES_AGGRESSIVE;
				CLANG_CXX_LANGUAGE_STANDARD = "gnu++14";
				CLANG_CXX_LIBRARY = "libc++";
				CLANG_ENABLE_MODULES = YES;
				CLANG_ENABLE_OBJC_ARC = YES;
				CLANG_ENABLE_OBJC_WEAK = YES;
				CLANG_WARN_BLOCK_CAPTURE_AUTORELEASING = YES;
				CLANG_WARN_BOOL_CONVERSION = YES;
				CLANG_WARN_COMMA = YES;
				CLANG_WARN_CONSTANT_CONVERSION = YES;
				CLANG_WARN_DEPRECATED_OBJC_IMPLEMENTATIONS = YES;
				CLANG_WARN_DIRECT_OBJC_ISA_USAGE = YES_ERROR;
				CLANG_WARN_DOCUMENTATION_COMMENTS = YES;
				CLANG_WARN_EMPTY_BODY = YES;
				CLANG_WARN_ENUM_CONVERSION = YES;
				CLANG_WARN_INFINITE_RECURSION = YES;
				CLANG_WARN_INT_CONVERSION = YES;
				CLANG_WARN_NON_LITERAL_NULL_CONVERSION = YES;
				CLANG_WARN_OBJC_IMPLICIT_RETAIN_SELF = YES;
				CLANG_WARN_OBJC_LITERAL_CONVERSION = YES;
				CLANG_WARN_OBJC_ROOT_CLASS = YES_ERROR;
				CLANG_WARN_RANGE_LOOP_ANALYSIS = YES;
				CLANG_WARN_STRICT_PROTOTYPES = YES;
				CLANG_WARN_SUSPICIOUS_MOVE = YES;
				CLANG_WARN_UNGUARDED_AVAILABILITY = YES_AGGRESSIVE;
				CLANG_WARN_UNREACHABLE_CODE = YES;
				CLANG_WARN__DUPLICATE_METHOD_MATCH = YES;
				CODE_SIGN_IDENTITY = "iPhone Developer";
				COPY_PHASE_STRIP = NO;
				DEBUG_INFORMATION_FORMAT = "dwarf-with-dsym";
				ENABLE_NS_ASSERTIONS = NO;
				ENABLE_STRICT_OBJC_MSGSEND = YES;
				GCC_C_LANGUAGE_STANDARD = gnu11;
				GCC_NO_COMMON_BLOCKS = YES;
				GCC_WARN_64_TO_32_BIT_CONVERSION = YES;
				GCC_WARN_ABOUT_RETURN_TYPE = YES_ERROR;
				GCC_WARN_UNDECLARED_SELECTOR = YES;
				GCC_WARN_UNINITIALIZED_AUTOS = YES_AGGRESSIVE;
				GCC_WARN_UNUSED_FUNCTION = YES;
				GCC_WARN_UNUSED_VARIABLE = YES;
				IPHONEOS_DEPLOYMENT_TARGET = 12.1;
				MTL_ENABLE_DEBUG_INFO = NO;
				MTL_FAST_MATH = YES;
				SDKROOT = iphoneos;
				SWIFT_COMPILATION_MODE = wholemodule;
				SWIFT_OPTIMIZATION_LEVEL = "-O";
				VALIDATE_PRODUCT = YES;
			};
			name = Release;
		};
		83EA95F822300DC800EF65DE /* Debug */ = {
			isa = XCBuildConfiguration;
			buildSettings = {
				ASSETCATALOG_COMPILER_APPICON_NAME = AppIcon;
				CODE_SIGN_STYLE = Automatic;
				DEVELOPMENT_TEAM = 77F6X5R2CN;
				INFOPLIST_FILE = PhotoFilter/Info.plist;
				LD_RUNPATH_SEARCH_PATHS = (
					"$(inherited)",
					"@executable_path/Frameworks",
				);
				PRODUCT_BUNDLE_IDENTIFIER = com.kiwan.PhotoFilter;
				PRODUCT_NAME = "$(TARGET_NAME)";
				SWIFT_VERSION = 4.2;
				TARGETED_DEVICE_FAMILY = "1,2";
			};
			name = Debug;
		};
		83EA95F922300DC800EF65DE /* Release */ = {
			isa = XCBuildConfiguration;
			buildSettings = {
				ASSETCATALOG_COMPILER_APPICON_NAME = AppIcon;
				CODE_SIGN_STYLE = Automatic;
				DEVELOPMENT_TEAM = 77F6X5R2CN;
				INFOPLIST_FILE = PhotoFilter/Info.plist;
				LD_RUNPATH_SEARCH_PATHS = (
					"$(inherited)",
					"@executable_path/Frameworks",
				);
				PRODUCT_BUNDLE_IDENTIFIER = com.kiwan.PhotoFilter;
				PRODUCT_NAME = "$(TARGET_NAME)";
				SWIFT_VERSION = 4.2;
				TARGETED_DEVICE_FAMILY = "1,2";
			};
			name = Release;
		};
/* End XCBuildConfiguration section */

/* Begin XCConfigurationList section */
		83EA95E022300DC700EF65DE /* Build configuration list for PBXProject "PhotoFilter" */ = {
			isa = XCConfigurationList;
			buildConfigurations = (
				83EA95F522300DC800EF65DE /* Debug */,
				83EA95F622300DC800EF65DE /* Release */,
			);
			defaultConfigurationIsVisible = 0;
			defaultConfigurationName = Release;
		};
		83EA95F722300DC800EF65DE /* Build configuration list for PBXNativeTarget "PhotoFilter" */ = {
			isa = XCConfigurationList;
			buildConfigurations = (
				83EA95F822300DC800EF65DE /* Debug */,
				83EA95F922300DC800EF65DE /* Release */,
			);
			defaultConfigurationIsVisible = 0;
			defaultConfigurationName = Release;
		};
/* End XCConfigurationList section */
	};
	rootObject = 83EA95DD22300DC700EF65DE /* Project object */;
}
